Microsoft Visual Studio Solution File, Format Version 11.00
# Visual Studio 2008

Project("{D8B491A5-15B2-6EA6-0121-5B06B40C704A}") = "GetDownMrPresident_01", "Assembly-CSharp-firstpass.csproj", "{C726D15B-97B1-7608-1595-76E639CE4A66}"
EndProject
Project("{D8B491A5-15B2-6EA6-0121-5B06B40C704A}") = "GetDownMrPresident_01", "Assembly-CSharp.csproj", "{3F54B2A2-6558-A9FA-79CB-ABC036053840}"
EndProject
Project("{D8B491A5-15B2-6EA6-0121-5B06B40C704A}") = "GetDownMrPresident_01", "Assembly-CSharp-Editor.csproj", "{9530F93F-CEF8-00A0-9DB7-675D1C207FE8}"
EndProject
Global
	GlobalSection(SolutionConfigurationPlatforms) = preSolution
		Debug|Any CPU = Debug|Any CPU
		Release|Any CPU = Release|Any CPU
	EndGlobalSection
	GlobalSection(ProjectConfigurationPlatforms) = postSolution
		{C726D15B-97B1-7608-1595-76E639CE4A66}.Debug|Any CPU.ActiveCfg = Debug|Any CPU
		{C726D15B-97B1-7608-1595-76E639CE4A66}.Debug|Any CPU.Build.0 = Debug|Any CPU
		{C726D15B-97B1-7608-1595-76E639CE4A66}.Release|Any CPU.ActiveCfg = Release|Any CPU
		{C726D15B-97B1-7608-1595-76E639CE4A66}.Release|Any CPU.Build.0 = Release|Any CPU
		{3F54B2A2-6558-A9FA-79CB-ABC036053840}.Debug|Any CPU.ActiveCfg = Debug|Any CPU
		{3F54B2A2-6558-A9FA-79CB-ABC036053840}.Debug|Any CPU.Build.0 = Debug|Any CPU
		{3F54B2A2-6558-A9FA-79CB-ABC036053840}.Release|Any CPU.ActiveCfg = Release|Any CPU
		{3F54B2A2-6558-A9FA-79CB-ABC036053840}.Release|Any CPU.Build.0 = Release|Any CPU
		{9530F93F-CEF8-00A0-9DB7-675D1C207FE8}.Debug|Any CPU.ActiveCfg = Debug|Any CPU
		{9530F93F-CEF8-00A0-9DB7-675D1C207FE8}.Debug|Any CPU.Build.0 = Debug|Any CPU
		{9530F93F-CEF8-00A0-9DB7-675D1C207FE8}.Release|Any CPU.ActiveCfg = Release|Any CPU
		{9530F93F-CEF8-00A0-9DB7-675D1C207FE8}.Release|Any CPU.Build.0 = Release|Any CPU
	EndGlobalSection
	GlobalSection(SolutionProperties) = preSolution
		HideSolutionNode = FALSE
	EndGlobalSection
	GlobalSection(MonoDevelopProperties) = preSolution
		StartupItem = Assembly-CSharp.csproj
	EndGlobalSection
EndGlobal
